
Microsoft Visual Studio Solution File, Format Version 12.00
# Visual Studio 2013
VisualStudioVersion = 12.0.21005.1
MinimumVisualStudioVersion = 10.0.40219.1
Project("{FAE04EC0-301F-11D3-BF4B-00C04F79EFBC}") = "StepZero", "StepZero\StepZero.csproj", "{8201B9EA-D142-4358-B5C1-7D65239F8384}"
EndProject
Project("{FAE04EC0-301F-11D3-BF4B-00C04F79EFBC}") = "StepOne", "StepOne\StepOne.csproj", "{8CE1D5CA-A6AD-4338-8492-39FB31FBDE6B}"
EndProject
Project("{FAE04EC0-301F-11D3-BF4B-00C04F79EFBC}") = "Threading", "Threading\Threading.csproj", "{DF99C544-3736-4441-A02C-F9DAB9577BF4}"
EndProject
Project("{FAE04EC0-301F-11D3-BF4B-00C04F79EFBC}") = "StepTwo", "StepTwo\StepTwo.csproj", "{DDFE9F31-BA0D-414C-ADF4-F9EAFF4DB850}"
EndProject
Project("{FAE04EC0-301F-11D3-BF4B-00C04F79EFBC}") = "StepThree", "StepThree\StepThree.csproj", "{5508E4E1-B91E-4CB3-A647-6AAB25E06A14}"
EndProject
Global
	GlobalSection(SolutionConfigurationPlatforms) = preSolution
		Debug|Any CPU = Debug|Any CPU
		Release|Any CPU = Release|Any CPU
	EndGlobalSection
	GlobalSection(ProjectConfigurationPlatforms) = postSolution
		{8201B9EA-D142-4358-B5C1-7D65239F8384}.Debug|Any CPU.ActiveCfg = Debug|Any CPU
		{8201B9EA-D142-4358-B5C1-7D65239F8384}.Debug|Any CPU.Build.0 = Debug|Any CPU
		{8201B9EA-D142-4358-B5C1-7D65239F8384}.Release|Any CPU.ActiveCfg = Release|Any CPU
		{8201B9EA-D142-4358-B5C1-7D65239F8384}.Release|Any CPU.Build.0 = Release|Any CPU
		{8CE1D5CA-A6AD-4338-8492-39FB31FBDE6B}.Debug|Any CPU.ActiveCfg = Debug|Any CPU
		{8CE1D5CA-A6AD-4338-8492-39FB31FBDE6B}.Debug|Any CPU.Build.0 = Debug|Any CPU
		{8CE1D5CA-A6AD-4338-8492-39FB31FBDE6B}.Release|Any CPU.ActiveCfg = Release|Any CPU
		{8CE1D5CA-A6AD-4338-8492-39FB31FBDE6B}.Release|Any CPU.Build.0 = Release|Any CPU
		{DF99C544-3736-4441-A02C-F9DAB9577BF4}.Debug|Any CPU.ActiveCfg = Debug|Any CPU
		{DF99C544-3736-4441-A02C-F9DAB9577BF4}.Debug|Any CPU.Build.0 = Debug|Any CPU
		{DF99C544-3736-4441-A02C-F9DAB9577BF4}.Release|Any CPU.ActiveCfg = Release|Any CPU
		{DF99C544-3736-4441-A02C-F9DAB9577BF4}.Release|Any CPU.Build.0 = Release|Any CPU
		{DDFE9F31-BA0D-414C-ADF4-F9EAFF4DB850}.Debug|Any CPU.ActiveCfg = Debug|Any CPU
		{DDFE9F31-BA0D-414C-ADF4-F9EAFF4DB850}.Debug|Any CPU.Build.0 = Debug|Any CPU
		{DDFE9F31-BA0D-414C-ADF4-F9EAFF4DB850}.Release|Any CPU.ActiveCfg = Release|Any CPU
		{DDFE9F31-BA0D-414C-ADF4-F9EAFF4DB850}.Release|Any CPU.Build.0 = Release|Any CPU
		{5508E4E1-B91E-4CB3-A647-6AAB25E06A14}.Debug|Any CPU.ActiveCfg = Debug|Any CPU
		{5508E4E1-B91E-4CB3-A647-6AAB25E06A14}.Debug|Any CPU.Build.0 = Debug|Any CPU
		{5508E4E1-B91E-4CB3-A647-6AAB25E06A14}.Release|Any CPU.ActiveCfg = Release|Any CPU
		{5508E4E1-B91E-4CB3-A647-6AAB25E06A14}.Release|Any CPU.Build.0 = Release|Any CPU
	EndGlobalSection
	GlobalSection(SolutionProperties) = preSolution
		HideSolutionNode = FALSE
	EndGlobalSection
EndGlobal
